
Microsoft Visual Studio Solution File, Format Version 12.00
# Visual Studio Version 16
VisualStudioVersion = 16.0.31729.503
MinimumVisualStudioVersion = 10.0.40219.1
Project("{FAE04EC0-301F-11D3-BF4B-00C04F79EFBC}") = "QuizSystem.Terminal", "QuizSystem.Terminal\QuizSystem.Terminal.csproj", "{E34A0108-A840-4D91-A204-D8399A36FC36}"
EndProject
Project("{FAE04EC0-301F-11D3-BF4B-00C04F79EFBC}") = "QuizSystem.Library", "QuizSystem.Library\QuizSystem.Library.csproj", "{4B55950C-A00A-4508-B867-35443EA71D86}"
EndProject
Global
	GlobalSection(SolutionConfigurationPlatforms) = preSolution
		Debug|Any CPU = Debug|Any CPU
		Release|Any CPU = Release|Any CPU
	EndGlobalSection
	GlobalSection(ProjectConfigurationPlatforms) = postSolution
		{E34A0108-A840-4D91-A204-D8399A36FC36}.Debug|Any CPU.ActiveCfg = Debug|Any CPU
		{E34A0108-A840-4D91-A204-D8399A36FC36}.Debug|Any CPU.Build.0 = Debug|Any CPU
		{E34A0108-A840-4D91-A204-D8399A36FC36}.Release|Any CPU.ActiveCfg = Release|Any CPU
		{E34A0108-A840-4D91-A204-D8399A36FC36}.Release|Any CPU.Build.0 = Release|Any CPU
		{4B55950C-A00A-4508-B867-35443EA71D86}.Debug|Any CPU.ActiveCfg = Debug|Any CPU
		{4B55950C-A00A-4508-B867-35443EA71D86}.Debug|Any CPU.Build.0 = Debug|Any CPU
		{4B55950C-A00A-4508-B867-35443EA71D86}.Release|Any CPU.ActiveCfg = Release|Any CPU
		{4B55950C-A00A-4508-B867-35443EA71D86}.Release|Any CPU.Build.0 = Release|Any CPU
	EndGlobalSection
	GlobalSection(SolutionProperties) = preSolution
		HideSolutionNode = FALSE
	EndGlobalSection
	GlobalSection(ExtensibilityGlobals) = postSolution
		SolutionGuid = {1F3BF870-5FDC-4A41-9117-33B1ADCEEBE1}
	EndGlobalSection
EndGlobal
